
Microsoft Visual Studio Solution File, Format Version 12.00
# Visual Studio Version 16
VisualStudioVersion = 16.0.31515.178
MinimumVisualStudioVersion = 10.0.40219.1
Project("{FAE04EC0-301F-11D3-BF4B-00C04F79EFBC}") = "Lean.App", "Lean.App.csproj", "{2AC4E039-C59A-47AF-9A56-EE6EA2623EFF}"
EndProject
Project("{54435603-DBB4-11D2-8724-00A0C9A8B90C}") = "LSB APP", "..\LSB APP\LSB APP.vdproj", "{8FA3D158-C9A0-469E-B066-BB0F9DD6B9F8}"
EndProject
Global
	GlobalSection(SolutionConfigurationPlatforms) = preSolution
		Debug|Any CPU = Debug|Any CPU
		Debug|x64 = Debug|x64
		Debug|x86 = Debug|x86
		Release|Any CPU = Release|Any CPU
		Release|x64 = Release|x64
		Release|x86 = Release|x86
	EndGlobalSection
	GlobalSection(ProjectConfigurationPlatforms) = postSolution
		{2AC4E039-C59A-47AF-9A56-EE6EA2623EFF}.Debug|Any CPU.ActiveCfg = Debug|Any CPU
		{2AC4E039-C59A-47AF-9A56-EE6EA2623EFF}.Debug|Any CPU.Build.0 = Debug|Any CPU
		{2AC4E039-C59A-47AF-9A56-EE6EA2623EFF}.Debug|x64.ActiveCfg = Debug|x64
		{2AC4E039-C59A-47AF-9A56-EE6EA2623EFF}.Debug|x64.Build.0 = Debug|x64
		{2AC4E039-C59A-47AF-9A56-EE6EA2623EFF}.Debug|x86.ActiveCfg = Debug|x86
		{2AC4E039-C59A-47AF-9A56-EE6EA2623EFF}.Debug|x86.Build.0 = Debug|x86
		{2AC4E039-C59A-47AF-9A56-EE6EA2623EFF}.Release|Any CPU.ActiveCfg = Release|Any CPU
		{2AC4E039-C59A-47AF-9A56-EE6EA2623EFF}.Release|Any CPU.Build.0 = Release|Any CPU
		{2AC4E039-C59A-47AF-9A56-EE6EA2623EFF}.Release|x64.ActiveCfg = Release|x64
		{2AC4E039-C59A-47AF-9A56-EE6EA2623EFF}.Release|x64.Build.0 = Release|x64
		{2AC4E039-C59A-47AF-9A56-EE6EA2623EFF}.Release|x86.ActiveCfg = Release|x86
		{2AC4E039-C59A-47AF-9A56-EE6EA2623EFF}.Release|x86.Build.0 = Release|x86
		{8FA3D158-C9A0-469E-B066-BB0F9DD6B9F8}.Debug|Any CPU.ActiveCfg = Debug
		{8FA3D158-C9A0-469E-B066-BB0F9DD6B9F8}.Debug|x64.ActiveCfg = Debug
		{8FA3D158-C9A0-469E-B066-BB0F9DD6B9F8}.Debug|x86.ActiveCfg = Debug
		{8FA3D158-C9A0-469E-B066-BB0F9DD6B9F8}.Release|Any CPU.ActiveCfg = Release
		{8FA3D158-C9A0-469E-B066-BB0F9DD6B9F8}.Release|x64.ActiveCfg = Release
		{8FA3D158-C9A0-469E-B066-BB0F9DD6B9F8}.Release|x86.ActiveCfg = Release
	EndGlobalSection
	GlobalSection(SolutionProperties) = preSolution
		HideSolutionNode = FALSE
	EndGlobalSection
	GlobalSection(ExtensibilityGlobals) = postSolution
		SolutionGuid = {118619DF-5300-4060-9C4D-25B7B49415F9}
	EndGlobalSection
EndGlobal
